// !$*UTF8*$!
{
	archiveVersion = 1;
	classes = {
	};
	objectVersion = 46;
	objects = {

/* Begin PBXBuildFile section */
		D9B21C611DA92AFD00620953 /* AppDelegate.swift in Sources */ = {isa = PBXBuildFile; fileRef = D9B21C601DA92AFD00620953 /* AppDelegate.swift */; };
		D9B21C631DA92AFD00620953 /* ViewController.swift in Sources */ = {isa = PBXBuildFile; fileRef = D9B21C621DA92AFD00620953 /* ViewController.swift */; };
		D9B21C661DA92AFD00620953 /* Main.storyboard in Resources */ = {isa = PBXBuildFile; fileRef = D9B21C641DA92AFD00620953 /* Main.storyboard */; };
		D9B21C681DA92AFD00620953 /* Assets.xcassets in Resources */ = {isa = PBXBuildFile; fileRef = D9B21C671DA92AFD00620953 /* Assets.xcassets */; };
		D9B21C6B1DA92AFD00620953 /* LaunchScreen.storyboard in Resources */ = {isa = PBXBuildFile; fileRef = D9B21C691DA92AFD00620953 /* LaunchScreen.storyboard */; };
		D9B21C761DA92AFD00620953 /* FyndiqTests.swift in Sources */ = {isa = PBXBuildFile; fileRef = D9B21C751DA92AFD00620953 /* FyndiqTests.swift */; };
		D9B21C811DA92AFD00620953 /* FyndiqUITests.swift in Sources */ = {isa = PBXBuildFile; fileRef = D9B21C801DA92AFD00620953 /* FyndiqUITests.swift */; };
		D9B21C921DA92B7000620953 /* HomeTableViewController.swift in Sources */ = {isa = PBXBuildFile; fileRef = D9B21C901DA92B7000620953 /* HomeTableViewController.swift */; };
		D9B21C931DA92B7000620953 /* HomeTableViewController.xib in Resources */ = {isa = PBXBuildFile; fileRef = D9B21C911DA92B7000620953 /* HomeTableViewController.xib */; };
		D9B21C971DA92BB500620953 /* HomeTableViewCell.swift in Sources */ = {isa = PBXBuildFile; fileRef = D9B21C951DA92BB500620953 /* HomeTableViewCell.swift */; };
		D9B21C981DA92BB500620953 /* HomeTableViewCell.xib in Resources */ = {isa = PBXBuildFile; fileRef = D9B21C961DA92BB500620953 /* HomeTableViewCell.xib */; };
		D9B21C9B1DA92C3000620953 /* HomeAssets.xcassets in Resources */ = {isa = PBXBuildFile; fileRef = D9B21C9A1DA92C3000620953 /* HomeAssets.xcassets */; };
		D9B21C9D1DA92E0F00620953 /* HomeOperation.swift in Sources */ = {isa = PBXBuildFile; fileRef = D9B21C9C1DA92E0F00620953 /* HomeOperation.swift */; };
		D9B21CA01DA93A1100620953 /* Helper.swift in Sources */ = {isa = PBXBuildFile; fileRef = D9B21C9F1DA93A1100620953 /* Helper.swift */; };
		D9B21CA31DA93BCF00620953 /* APIRequest.swift in Sources */ = {isa = PBXBuildFile; fileRef = D9B21CA21DA93BCF00620953 /* APIRequest.swift */; };
		D9B21CA51DA93C6B00620953 /* HomeRequest.swift in Sources */ = {isa = PBXBuildFile; fileRef = D9B21CA41DA93C6B00620953 /* HomeRequest.swift */; };
		D9B21CA71DA93CF600620953 /* LikeRequest.swift in Sources */ = {isa = PBXBuildFile; fileRef = D9B21CA61DA93CF600620953 /* LikeRequest.swift */; };
		D9B21CAA1DA93D7900620953 /* Product.swift in Sources */ = {isa = PBXBuildFile; fileRef = D9B21CA91DA93D7900620953 /* Product.swift */; };
		D9B21CAC1DA93DC800620953 /* LikeItem.swift in Sources */ = {isa = PBXBuildFile; fileRef = D9B21CAB1DA93DC800620953 /* LikeItem.swift */; };
/* End PBXBuildFile section */

/* Begin PBXContainerItemProxy section */
		D9B21C721DA92AFD00620953 /* PBXContainerItemProxy */ = {
			isa = PBXContainerItemProxy;
			containerPortal = D9B21C551DA92AFD00620953 /* Project object */;
			proxyType = 1;
			remoteGlobalIDString = D9B21C5C1DA92AFD00620953;
			remoteInfo = Fyndiq;
		};
		D9B21C7D1DA92AFD00620953 /* PBXContainerItemProxy */ = {
			isa = PBXContainerItemProxy;
			containerPortal = D9B21C551DA92AFD00620953 /* Project object */;
			proxyType = 1;
			remoteGlobalIDString = D9B21C5C1DA92AFD00620953;
			remoteInfo = Fyndiq;
		};
/* End PBXContainerItemProxy section */

/* Begin PBXFileReference section */
		D9B21C5D1DA92AFD00620953 /* Fyndiq.app */ = {isa = PBXFileReference; explicitFileType = wrapper.application; includeInIndex = 0; path = Fyndiq.app; sourceTree = BUILT_PRODUCTS_DIR; };
		D9B21C601DA92AFD00620953 /* AppDelegate.swift */ = {isa = PBXFileReference; lastKnownFileType = sourcecode.swift; path = AppDelegate.swift; sourceTree = "<group>"; };
		D9B21C621DA92AFD00620953 /* ViewController.swift */ = {isa = PBXFileReference; lastKnownFileType = sourcecode.swift; path = ViewController.swift; sourceTree = "<group>"; };
		D9B21C651DA92AFD00620953 /* Base */ = {isa = PBXFileReference; lastKnownFileType = file.storyboard; name = Base; path = Base.lproj/Main.storyboard; sourceTree = "<group>"; };
		D9B21C671DA92AFD00620953 /* Assets.xcassets */ = {isa = PBXFileReference; lastKnownFileType = folder.assetcatalog; path = Assets.xcassets; sourceTree = "<group>"; };
		D9B21C6A1DA92AFD00620953 /* Base */ = {isa = PBXFileReference; lastKnownFileType = file.storyboard; name = Base; path = Base.lproj/LaunchScreen.storyboard; sourceTree = "<group>"; };
		D9B21C6C1DA92AFD00620953 /* Info.plist */ = {isa = PBXFileReference; lastKnownFileType = text.plist.xml; path = Info.plist; sourceTree = "<group>"; };
		D9B21C711DA92AFD00620953 /* FyndiqTests.xctest */ = {isa = PBXFileReference; explicitFileType = wrapper.cfbundle; includeInIndex = 0; path = FyndiqTests.xctest; sourceTree = BUILT_PRODUCTS_DIR; };
		D9B21C751DA92AFD00620953 /* FyndiqTests.swift */ = {isa = PBXFileReference; lastKnownFileType = sourcecode.swift; path = FyndiqTests.swift; sourceTree = "<group>"; };
		D9B21C771DA92AFD00620953 /* Info.plist */ = {isa = PBXFileReference; lastKnownFileType = text.plist.xml; path = Info.plist; sourceTree = "<group>"; };
		D9B21C7C1DA92AFD00620953 /* FyndiqUITests.xctest */ = {isa = PBXFileReference; explicitFileType = wrapper.cfbundle; includeInIndex = 0; path = FyndiqUITests.xctest; sourceTree = BUILT_PRODUCTS_DIR; };
		D9B21C801DA92AFD00620953 /* FyndiqUITests.swift */ = {isa = PBXFileReference; lastKnownFileType = sourcecode.swift; path = FyndiqUITests.swift; sourceTree = "<group>"; };
		D9B21C821DA92AFD00620953 /* Info.plist */ = {isa = PBXFileReference; lastKnownFileType = text.plist.xml; path = Info.plist; sourceTree = "<group>"; };
		D9B21C901DA92B7000620953 /* HomeTableViewController.swift */ = {isa = PBXFileReference; fileEncoding = 4; lastKnownFileType = sourcecode.swift; path = HomeTableViewController.swift; sourceTree = "<group>"; };
		D9B21C911DA92B7000620953 /* HomeTableViewController.xib */ = {isa = PBXFileReference; fileEncoding = 4; lastKnownFileType = file.xib; path = HomeTableViewController.xib; sourceTree = "<group>"; };
		D9B21C951DA92BB500620953 /* HomeTableViewCell.swift */ = {isa = PBXFileReference; fileEncoding = 4; lastKnownFileType = sourcecode.swift; path = HomeTableViewCell.swift; sourceTree = "<group>"; };
		D9B21C961DA92BB500620953 /* HomeTableViewCell.xib */ = {isa = PBXFileReference; fileEncoding = 4; lastKnownFileType = file.xib; path = HomeTableViewCell.xib; sourceTree = "<group>"; };
		D9B21C9A1DA92C3000620953 /* HomeAssets.xcassets */ = {isa = PBXFileReference; lastKnownFileType = folder.assetcatalog; path = HomeAssets.xcassets; sourceTree = "<group>"; };
		D9B21C9C1DA92E0F00620953 /* HomeOperation.swift */ = {isa = PBXFileReference; fileEncoding = 4; lastKnownFileType = sourcecode.swift; path = HomeOperation.swift; sourceTree = "<group>"; };
		D9B21C9F1DA93A1100620953 /* Helper.swift */ = {isa = PBXFileReference; fileEncoding = 4; lastKnownFileType = sourcecode.swift; path = Helper.swift; sourceTree = "<group>"; };
		D9B21CA21DA93BCF00620953 /* APIRequest.swift */ = {isa = PBXFileReference; fileEncoding = 4; lastKnownFileType = sourcecode.swift; path = APIRequest.swift; sourceTree = "<group>"; };
		D9B21CA41DA93C6B00620953 /* HomeRequest.swift */ = {isa = PBXFileReference; fileEncoding = 4; lastKnownFileType = sourcecode.swift; path = HomeRequest.swift; sourceTree = "<group>"; };
		D9B21CA61DA93CF600620953 /* LikeRequest.swift */ = {isa = PBXFileReference; fileEncoding = 4; lastKnownFileType = sourcecode.swift; path = LikeRequest.swift; sourceTree = "<group>"; };
		D9B21CA91DA93D7900620953 /* Product.swift */ = {isa = PBXFileReference; fileEncoding = 4; lastKnownFileType = sourcecode.swift; path = Product.swift; sourceTree = "<group>"; };
		D9B21CAB1DA93DC800620953 /* LikeItem.swift */ = {isa = PBXFileReference; fileEncoding = 4; lastKnownFileType = sourcecode.swift; path = LikeItem.swift; sourceTree = "<group>"; };
/* End PBXFileReference section */

/* Begin PBXFrameworksBuildPhase section */
		D9B21C5A1DA92AFD00620953 /* Frameworks */ = {
			isa = PBXFrameworksBuildPhase;
			buildActionMask = 2147483647;
			files = (
			);
			runOnlyForDeploymentPostprocessing = 0;
		};
		D9B21C6E1DA92AFD00620953 /* Frameworks */ = {
			isa = PBXFrameworksBuildPhase;
			buildActionMask = 2147483647;
			files = (
			);
			runOnlyForDeploymentPostprocessing = 0;
		};
		D9B21C791DA92AFD00620953 /* Frameworks */ = {
			isa = PBXFrameworksBuildPhase;
			buildActionMask = 2147483647;
			files = (
			);
			runOnlyForDeploymentPostprocessing = 0;
		};
/* End PBXFrameworksBuildPhase section */

/* Begin PBXGroup section */
		D9B21C541DA92AFD00620953 = {
			isa = PBXGroup;
			children = (
				D9B21C5F1DA92AFD00620953 /* Fyndiq */,
				D9B21C741DA92AFD00620953 /* FyndiqTests */,
				D9B21C7F1DA92AFD00620953 /* FyndiqUITests */,
				D9B21C5E1DA92AFD00620953 /* Products */,
			);
			sourceTree = "<group>";
		};
		D9B21C5E1DA92AFD00620953 /* Products */ = {
			isa = PBXGroup;
			children = (
				D9B21C5D1DA92AFD00620953 /* Fyndiq.app */,
				D9B21C711DA92AFD00620953 /* FyndiqTests.xctest */,
				D9B21C7C1DA92AFD00620953 /* FyndiqUITests.xctest */,
			);
			name = Products;
			sourceTree = "<group>";
		};
		D9B21C5F1DA92AFD00620953 /* Fyndiq */ = {
			isa = PBXGroup;
			children = (
				D9B21C601DA92AFD00620953 /* AppDelegate.swift */,
				D9B21C9F1DA93A1100620953 /* Helper.swift */,
				D9B21C621DA92AFD00620953 /* ViewController.swift */,
				D9B21C641DA92AFD00620953 /* Main.storyboard */,
				D9B21C671DA92AFD00620953 /* Assets.xcassets */,
				D9B21C691DA92AFD00620953 /* LaunchScreen.storyboard */,
				D9B21C6C1DA92AFD00620953 /* Info.plist */,
				D9B21C991DA92C1D00620953 /* Assets */,
				D9B21C8F1DA92B2500620953 /* Controller */,
				D9B21C8E1DA92B0C00620953 /* Model */,
			);
			path = Fyndiq;
			sourceTree = "<group>";
		};
		D9B21C741DA92AFD00620953 /* FyndiqTests */ = {
			isa = PBXGroup;
			children = (
				D9B21C751DA92AFD00620953 /* FyndiqTests.swift */,
				D9B21C771DA92AFD00620953 /* Info.plist */,
			);
			path = FyndiqTests;
			sourceTree = "<group>";
		};
		D9B21C7F1DA92AFD00620953 /* FyndiqUITests */ = {
			isa = PBXGroup;
			children = (
				D9B21C801DA92AFD00620953 /* FyndiqUITests.swift */,
				D9B21C821DA92AFD00620953 /* Info.plist */,
			);
			path = FyndiqUITests;
			sourceTree = "<group>";
		};
		D9B21C8E1DA92B0C00620953 /* Model */ = {
			isa = PBXGroup;
			children = (
				D9B21CA81DA93D6400620953 /* Item */,
				D9B21CA11DA93BBB00620953 /* Requests */,
				D9B21C9C1DA92E0F00620953 /* HomeOperation.swift */,
			);
			name = Model;
			sourceTree = "<group>";
		};
		D9B21C8F1DA92B2500620953 /* Controller */ = {
			isa = PBXGroup;
			children = (
				D9B21C901DA92B7000620953 /* HomeTableViewController.swift */,
				D9B21C911DA92B7000620953 /* HomeTableViewController.xib */,
				D9B21C941DA92B9800620953 /* Cell */,
			);
			name = Controller;
			sourceTree = "<group>";
		};
		D9B21C941DA92B9800620953 /* Cell */ = {
			isa = PBXGroup;
			children = (
				D9B21C951DA92BB500620953 /* HomeTableViewCell.swift */,
				D9B21C961DA92BB500620953 /* HomeTableViewCell.xib */,
			);
			name = Cell;
			sourceTree = "<group>";
		};
		D9B21C991DA92C1D00620953 /* Assets */ = {
			isa = PBXGroup;
			children = (
				D9B21C9A1DA92C3000620953 /* HomeAssets.xcassets */,
			);
			name = Assets;
			sourceTree = "<group>";
		};
		D9B21CA11DA93BBB00620953 /* Requests */ = {
			isa = PBXGroup;
			children = (
				D9B21CA21DA93BCF00620953 /* APIRequest.swift */,
				D9B21CA41DA93C6B00620953 /* HomeRequest.swift */,
				D9B21CA61DA93CF600620953 /* LikeRequest.swift */,
			);
			name = Requests;
			sourceTree = "<group>";
		};
		D9B21CA81DA93D6400620953 /* Item */ = {
			isa = PBXGroup;
			children = (
				D9B21CA91DA93D7900620953 /* Product.swift */,
				D9B21CAB1DA93DC800620953 /* LikeItem.swift */,
			);
			name = Item;
			sourceTree = "<group>";
		};
/* End PBXGroup section */

/* Begin PBXNativeTarget section */
		D9B21C5C1DA92AFD00620953 /* Fyndiq */ = {
			isa = PBXNativeTarget;
			buildConfigurationList = D9B21C851DA92AFD00620953 /* Build configuration list for PBXNativeTarget "Fyndiq" */;
			buildPhases = (
				D9B21C591DA92AFD00620953 /* Sources */,
				D9B21C5A1DA92AFD00620953 /* Frameworks */,
				D9B21C5B1DA92AFD00620953 /* Resources */,
			);
			buildRules = (
			);
			dependencies = (
			);
			name = Fyndiq;
			productName = Fyndiq;
			productReference = D9B21C5D1DA92AFD00620953 /* Fyndiq.app */;
			productType = "com.apple.product-type.application";
		};
		D9B21C701DA92AFD00620953 /* FyndiqTests */ = {
			isa = PBXNativeTarget;
			buildConfigurationList = D9B21C881DA92AFD00620953 /* Build configuration list for PBXNativeTarget "FyndiqTests" */;
			buildPhases = (
				D9B21C6D1DA92AFD00620953 /* Sources */,
				D9B21C6E1DA92AFD00620953 /* Frameworks */,
				D9B21C6F1DA92AFD00620953 /* Resources */,
			);
			buildRules = (
			);
			dependencies = (
				D9B21C731DA92AFD00620953 /* PBXTargetDependency */,
			);
			name = FyndiqTests;
			productName = FyndiqTests;
			productReference = D9B21C711DA92AFD00620953 /* FyndiqTests.xctest */;
			productType = "com.apple.product-type.bundle.unit-test";
		};
		D9B21C7B1DA92AFD00620953 /* FyndiqUITests */ = {
			isa = PBXNativeTarget;
			buildConfigurationList = D9B21C8B1DA92AFD00620953 /* Build configuration list for PBXNativeTarget "FyndiqUITests" */;
			buildPhases = (
				D9B21C781DA92AFD00620953 /* Sources */,
				D9B21C791DA92AFD00620953 /* Frameworks */,
				D9B21C7A1DA92AFD00620953 /* Resources */,
			);
			buildRules = (
			);
			dependencies = (
				D9B21C7E1DA92AFD00620953 /* PBXTargetDependency */,
			);
			name = FyndiqUITests;
			productName = FyndiqUITests;
			productReference = D9B21C7C1DA92AFD00620953 /* FyndiqUITests.xctest */;
			productType = "com.apple.product-type.bundle.ui-testing";
		};
/* End PBXNativeTarget section */

/* Begin PBXProject section */
		D9B21C551DA92AFD00620953 /* Project object */ = {
			isa = PBXProject;
			attributes = {
				LastSwiftUpdateCheck = 0730;
				LastUpgradeCheck = 0730;
				ORGANIZATIONNAME = MohamedDiaa;
				TargetAttributes = {
					D9B21C5C1DA92AFD00620953 = {
						CreatedOnToolsVersion = 7.3;
					};
					D9B21C701DA92AFD00620953 = {
						CreatedOnToolsVersion = 7.3;
						TestTargetID = D9B21C5C1DA92AFD00620953;
					};
					D9B21C7B1DA92AFD00620953 = {
						CreatedOnToolsVersion = 7.3;
						TestTargetID = D9B21C5C1DA92AFD00620953;
					};
				};
			};
			buildConfigurationList = D9B21C581DA92AFD00620953 /* Build configuration list for PBXProject "Fyndiq" */;
			compatibilityVersion = "Xcode 3.2";
			developmentRegion = English;
			hasScannedForEncodings = 0;
			knownRegions = (
				en,
				Base,
			);
			mainGroup = D9B21C541DA92AFD00620953;
			productRefGroup = D9B21C5E1DA92AFD00620953 /* Products */;
			projectDirPath = "";
			projectRoot = "";
			targets = (
				D9B21C5C1DA92AFD00620953 /* Fyndiq */,
				D9B21C701DA92AFD00620953 /* FyndiqTests */,
				D9B21C7B1DA92AFD00620953 /* FyndiqUITests */,
			);
		};
/* End PBXProject section */

/* Begin PBXResourcesBuildPhase section */
		D9B21C5B1DA92AFD00620953 /* Resources */ = {
			isa = PBXResourcesBuildPhase;
			buildActionMask = 2147483647;
			files = (
				D9B21C931DA92B7000620953 /* HomeTableViewController.xib in Resources */,
				D9B21C9B1DA92C3000620953 /* HomeAssets.xcassets in Resources */,
				D9B21C6B1DA92AFD00620953 /* LaunchScreen.storyboard in Resources */,
				D9B21C681DA92AFD00620953 /* Assets.xcassets in Resources */,
				D9B21C981DA92BB500620953 /* HomeTableViewCell.xib in Resources */,
				D9B21C661DA92AFD00620953 /* Main.storyboard in Resources */,
			);
			runOnlyForDeploymentPostprocessing = 0;
		};
		D9B21C6F1DA92AFD00620953 /* Resources */ = {
			isa = PBXResourcesBuildPhase;
			buildActionMask = 2147483647;
			files = (
			);
			runOnlyForDeploymentPostprocessing = 0;
		};
		D9B21C7A1DA92AFD00620953 /* Resources */ = {
			isa = PBXResourcesBuildPhase;
			buildActionMask = 2147483647;
			files = (
			);
			runOnlyForDeploymentPostprocessing = 0;
		};
/* End PBXResourcesBuildPhase section */

/* Begin PBXSourcesBuildPhase section */
		D9B21C591DA92AFD00620953 /* Sources */ = {
			isa = PBXSourcesBuildPhase;
			buildActionMask = 2147483647;
			files = (
				D9B21C9D1DA92E0F00620953 /* HomeOperation.swift in Sources */,
				D9B21CA31DA93BCF00620953 /* APIRequest.swift in Sources */,
				D9B21C921DA92B7000620953 /* HomeTableViewController.swift in Sources */,
				D9B21C631DA92AFD00620953 /* ViewController.swift in Sources */,
				D9B21CA71DA93CF600620953 /* LikeRequest.swift in Sources */,
				D9B21C971DA92BB500620953 /* HomeTableViewCell.swift in Sources */,
				D9B21C611DA92AFD00620953 /* AppDelegate.swift in Sources */,
				D9B21CAA1DA93D7900620953 /* Product.swift in Sources */,
				D9B21CAC1DA93DC800620953 /* LikeItem.swift in Sources */,
				D9B21CA51DA93C6B00620953 /* HomeRequest.swift in Sources */,
				D9B21CA01DA93A1100620953 /* Helper.swift in Sources */,
			);
			runOnlyForDeploymentPostprocessing = 0;
		};
		D9B21C6D1DA92AFD00620953 /* Sources */ = {
			isa = PBXSourcesBuildPhase;
			buildActionMask = 2147483647;
			files = (
				D9B21C761DA92AFD00620953 /* FyndiqTests.swift in Sources */,
			);
			runOnlyForDeploymentPostprocessing = 0;
		};
		D9B21C781DA92AFD00620953 /* Sources */ = {
			isa = PBXSourcesBuildPhase;
			buildActionMask = 2147483647;
			files = (
				D9B21C811DA92AFD00620953 /* FyndiqUITests.swift in Sources */,
			);
			runOnlyForDeploymentPostprocessing = 0;
		};
/* End PBXSourcesBuildPhase section */

/* Begin PBXTargetDependency section */
		D9B21C731DA92AFD00620953 /* PBXTargetDependency */ = {
			isa = PBXTargetDependency;
			target = D9B21C5C1DA92AFD00620953 /* Fyndiq */;
			targetProxy = D9B21C721DA92AFD00620953 /* PBXContainerItemProxy */;
		};
		D9B21C7E1DA92AFD00620953 /* PBXTargetDependency */ = {
			isa = PBXTargetDependency;
			target = D9B21C5C1DA92AFD00620953 /* Fyndiq */;
			targetProxy = D9B21C7D1DA92AFD00620953 /* PBXContainerItemProxy */;
		};
/* End PBXTargetDependency section */

/* Begin PBXVariantGroup section */
		D9B21C641DA92AFD00620953 /* Main.storyboard */ = {
			isa = PBXVariantGroup;
			children = (
				D9B21C651DA92AFD00620953 /* Base */,
			);
			name = Main.storyboard;
			sourceTree = "<group>";
		};
		D9B21C691DA92AFD00620953 /* LaunchScreen.storyboard */ = {
			isa = PBXVariantGroup;
			children = (
				D9B21C6A1DA92AFD00620953 /* Base */,
			);
			name = LaunchScreen.storyboard;
			sourceTree = "<group>";
		};
/* End PBXVariantGroup section */

/* Begin XCBuildConfiguration section */
		D9B21C831DA92AFD00620953 /* Debug */ = {
			isa = XCBuildConfiguration;
			buildSettings = {
				ALWAYS_SEARCH_USER_PATHS = NO;
				CLANG_ANALYZER_NONNULL = YES;
				CLANG_CXX_LANGUAGE_STANDARD = "gnu++0x";
				CLANG_CXX_LIBRARY = "libc++";
				CLANG_ENABLE_MODULES = YES;
				CLANG_ENABLE_OBJC_ARC = YES;
				CLANG_WARN_BOOL_CONVERSION = YES;
				CLANG_WARN_CONSTANT_CONVERSION = YES;
				CLANG_WARN_DIRECT_OBJC_ISA_USAGE = YES_ERROR;
				CLANG_WARN_EMPTY_BODY = YES;
				CLANG_WARN_ENUM_CONVERSION = YES;
				CLANG_WARN_INT_CONVERSION = YES;
				CLANG_WARN_OBJC_ROOT_CLASS = YES_ERROR;
				CLANG_WARN_UNREACHABLE_CODE = YES;
				CLANG_WARN__DUPLICATE_METHOD_MATCH = YES;
				"CODE_SIGN_IDENTITY[sdk=iphoneos*]" = "iPhone Developer";
				COPY_PHASE_STRIP = NO;
				DEBUG_INFORMATION_FORMAT = dwarf;
				ENABLE_STRICT_OBJC_MSGSEND = YES;
				ENABLE_TESTABILITY = YES;
				GCC_C_LANGUAGE_STANDARD = gnu99;
				GCC_DYNAMIC_NO_PIC = NO;
				GCC_NO_COMMON_BLOCKS = YES;
				GCC_OPTIMIZATION_LEVEL = 0;
				GCC_PREPROCESSOR_DEFINITIONS = (
					"DEBUG=1",
					"$(inherited)",
				);
				GCC_WARN_64_TO_32_BIT_CONVERSION = YES;
				GCC_WARN_ABOUT_RETURN_TYPE = YES_ERROR;
				GCC_WARN_UNDECLARED_SELECTOR = YES;
				GCC_WARN_UNINITIALIZED_AUTOS = YES_AGGRESSIVE;
				GCC_WARN_UNUSED_FUNCTION = YES;
				GCC_WARN_UNUSED_VARIABLE = YES;
				IPHONEOS_DEPLOYMENT_TARGET = 9.3;
				MTL_ENABLE_DEBUG_INFO = YES;
				ONLY_ACTIVE_ARCH = YES;
				SDKROOT = iphoneos;
				SWIFT_OPTIMIZATION_LEVEL = "-Onone";
			};
			name = Debug;
		};
		D9B21C841DA92AFD00620953 /* Release */ = {
			isa = XCBuildConfiguration;
			buildSettings = {
				ALWAYS_SEARCH_USER_PATHS = NO;
				CLANG_ANALYZER_NONNULL = YES;
				CLANG_CXX_LANGUAGE_STANDARD = "gnu++0x";
				CLANG_CXX_LIBRARY = "libc++";
				CLANG_ENABLE_MODULES = YES;
				CLANG_ENABLE_OBJC_ARC = YES;
				CLANG_WARN_BOOL_CONVERSION = YES;
				CLANG_WARN_CONSTANT_CONVERSION = YES;
				CLANG_WARN_DIRECT_OBJC_ISA_USAGE = YES_ERROR;
				CLANG_WARN_EMPTY_BODY = YES;
				CLANG_WARN_ENUM_CONVERSION = YES;
				CLANG_WARN_INT_CONVERSION = YES;
				CLANG_WARN_OBJC_ROOT_CLASS = YES_ERROR;
				CLANG_WARN_UNREACHABLE_CODE = YES;
				CLANG_WARN__DUPLICATE_METHOD_MATCH = YES;
				"CODE_SIGN_IDENTITY[sdk=iphoneos*]" = "iPhone Developer";
				COPY_PHASE_STRIP = NO;
				DEBUG_INFORMATION_FORMAT = "dwarf-with-dsym";
				ENABLE_NS_ASSERTIONS = NO;
				ENABLE_STRICT_OBJC_MSGSEND = YES;
				GCC_C_LANGUAGE_STANDARD = gnu99;
				GCC_NO_COMMON_BLOCKS = YES;
				GCC_WARN_64_TO_32_BIT_CONVERSION = YES;
				GCC_WARN_ABOUT_RETURN_TYPE = YES_ERROR;
				GCC_WARN_UNDECLARED_SELECTOR = YES;
				GCC_WARN_UNINITIALIZED_AUTOS = YES_AGGRESSIVE;
				GCC_WARN_UNUSED_FUNCTION = YES;
				GCC_WARN_UNUSED_VARIABLE = YES;
				IPHONEOS_DEPLOYMENT_TARGET = 9.3;
				MTL_ENABLE_DEBUG_INFO = NO;
				SDKROOT = iphoneos;
				VALIDATE_PRODUCT = YES;
			};
			name = Release;
		};
		D9B21C861DA92AFD00620953 /* Debug */ = {
			isa = XCBuildConfiguration;
			buildSettings = {
				ASSETCATALOG_COMPILER_APPICON_NAME = AppIcon;
				INFOPLIST_FILE = Fyndiq/Info.plist;
				LD_RUNPATH_SEARCH_PATHS = "$(inherited) @executable_path/Frameworks";
				PRODUCT_BUNDLE_IDENTIFIER = com.WOK.Fyndiq;
				PRODUCT_NAME = "$(TARGET_NAME)";
			};
			name = Debug;
		};
		D9B21C871DA92AFD00620953 /* Release */ = {
			isa = XCBuildConfiguration;
			buildSettings = {
				ASSETCATALOG_COMPILER_APPICON_NAME = AppIcon;
				INFOPLIST_FILE = Fyndiq/Info.plist;
				LD_RUNPATH_SEARCH_PATHS = "$(inherited) @executable_path/Frameworks";
				PRODUCT_BUNDLE_IDENTIFIER = com.WOK.Fyndiq;
				PRODUCT_NAME = "$(TARGET_NAME)";
			};
			name = Release;
		};
		D9B21C891DA92AFD00620953 /* Debug */ = {
			isa = XCBuildConfiguration;
			buildSettings = {
				BUNDLE_LOADER = "$(TEST_HOST)";
				INFOPLIST_FILE = FyndiqTests/Info.plist;
				LD_RUNPATH_SEARCH_PATHS = "$(inherited) @executable_path/Frameworks @loader_path/Frameworks";
				PRODUCT_BUNDLE_IDENTIFIER = com.WOK.FyndiqTests;
				PRODUCT_NAME = "$(TARGET_NAME)";
				TEST_HOST = "$(BUILT_PRODUCTS_DIR)/Fyndiq.app/Fyndiq";
			};
			name = Debug;
		};
		D9B21C8A1DA92AFD00620953 /* Release */ = {
			isa = XCBuildConfiguration;
			buildSettings = {
				BUNDLE_LOADER = "$(TEST_HOST)";
				INFOPLIST_FILE = FyndiqTests/Info.plist;
				LD_RUNPATH_SEARCH_PATHS = "$(inherited) @executable_path/Frameworks @loader_path/Frameworks";
				PRODUCT_BUNDLE_IDENTIFIER = com.WOK.FyndiqTests;
				PRODUCT_NAME = "$(TARGET_NAME)";
				TEST_HOST = "$(BUILT_PRODUCTS_DIR)/Fyndiq.app/Fyndiq";
			};
			name = Release;
		};
		D9B21C8C1DA92AFD00620953 /* Debug */ = {
			isa = XCBuildConfiguration;
			buildSettings = {
				INFOPLIST_FILE = FyndiqUITests/Info.plist;
				LD_RUNPATH_SEARCH_PATHS = "$(inherited) @executable_path/Frameworks @loader_path/Frameworks";
				PRODUCT_BUNDLE_IDENTIFIER = com.WOK.FyndiqUITests;
				PRODUCT_NAME = "$(TARGET_NAME)";
				TEST_TARGET_NAME = Fyndiq;
			};
			name = Debug;
		};
		D9B21C8D1DA92AFD00620953 /* Release */ = {
			isa = XCBuildConfiguration;
			buildSettings = {
				INFOPLIST_FILE = FyndiqUITests/Info.plist;
				LD_RUNPATH_SEARCH_PATHS = "$(inherited) @executable_path/Frameworks @loader_path/Frameworks";
				PRODUCT_BUNDLE_IDENTIFIER = com.WOK.FyndiqUITests;
				PRODUCT_NAME = "$(TARGET_NAME)";
				TEST_TARGET_NAME = Fyndiq;
			};
			name = Release;
		};
/* End XCBuildConfiguration section */

/* Begin XCConfigurationList section */
		D9B21C581DA92AFD00620953 /* Build configuration list for PBXProject "Fyndiq" */ = {
			isa = XCConfigurationList;
			buildConfigurations = (
				D9B21C831DA92AFD00620953 /* Debug */,
				D9B21C841DA92AFD00620953 /* Release */,
			);
			defaultConfigurationIsVisible = 0;
			defaultConfigurationName = Release;
		};
		D9B21C851DA92AFD00620953 /* Build configuration list for PBXNativeTarget "Fyndiq" */ = {
			isa = XCConfigurationList;
			buildConfigurations = (
				D9B21C861DA92AFD00620953 /* Debug */,
				D9B21C871DA92AFD00620953 /* Release */,
			);
			defaultConfigurationIsVisible = 0;
			defaultConfigurationName = Release;
		};
		D9B21C881DA92AFD00620953 /* Build configuration list for PBXNativeTarget "FyndiqTests" */ = {
			isa = XCConfigurationList;
			buildConfigurations = (
				D9B21C891DA92AFD00620953 /* Debug */,
				D9B21C8A1DA92AFD00620953 /* Release */,
			);
			defaultConfigurationIsVisible = 0;
			defaultConfigurationName = Release;
		};
		D9B21C8B1DA92AFD00620953 /* Build configuration list for PBXNativeTarget "FyndiqUITests" */ = {
			isa = XCConfigurationList;
			buildConfigurations = (
				D9B21C8C1DA92AFD00620953 /* Debug */,
				D9B21C8D1DA92AFD00620953 /* Release */,
			);
			defaultConfigurationIsVisible = 0;
			defaultConfigurationName = Release;
		};
/* End XCConfigurationList section */
	};
	rootObject = D9B21C551DA92AFD00620953 /* Project object */;
}
